
Microsoft Visual Studio Solution File, Format Version 12.00
# Visual Studio 15
Project("{FAE04EC0-301F-11D3-BF4B-00C04F79EFBC}") = "UnityEngine.UI", "UnityEngine.UI.csproj", "{1EA45490-B188-8137-B36E-3B4FA96F956B}"
EndProject
Project("{FAE04EC0-301F-11D3-BF4B-00C04F79EFBC}") = "Assembly-CSharp", "Assembly-CSharp.csproj", "{802BD2D4-57DA-492F-C10B-42DBC6DE2EB7}"
EndProject
Project("{FAE04EC0-301F-11D3-BF4B-00C04F79EFBC}") = "Unity.InputSystem.InGameHints", "Unity.InputSystem.InGameHints.csproj", "{12805B94-1516-BABB-B01E-DC11C069C70B}"
EndProject
Project("{FAE04EC0-301F-11D3-BF4B-00C04F79EFBC}") = "Unity.2D.Sprite.Editor", "Unity.2D.Sprite.Editor.csproj", "{A56217CD-488E-06E8-C007-8924DC811282}"
EndProject
Project("{FAE04EC0-301F-11D3-BF4B-00C04F79EFBC}") = "UnityEditor.UI", "UnityEditor.UI.csproj", "{AA8B4F25-685D-BE58-C7AB-4655FBDA5713}"
EndProject
Project("{FAE04EC0-301F-11D3-BF4B-00C04F79EFBC}") = "Unity.2D.Tilemap.Editor", "Unity.2D.Tilemap.Editor.csproj", "{58587100-D20A-CA46-9A50-5CA608303D2A}"
EndProject
Global
	GlobalSection(SolutionConfigurationPlatforms) = preSolution
		Debug|Any CPU = Debug|Any CPU
		Release|Any CPU = Release|Any CPU
	EndGlobalSection
	GlobalSection(ProjectConfigurationPlatforms) = postSolution
		{1EA45490-B188-8137-B36E-3B4FA96F956B}.Debug|Any CPU.ActiveCfg = Debug|Any CPU
		{1EA45490-B188-8137-B36E-3B4FA96F956B}.Debug|Any CPU.Build.0 = Debug|Any CPU
		{1EA45490-B188-8137-B36E-3B4FA96F956B}.Release|Any CPU.ActiveCfg = Release|Any CPU
		{1EA45490-B188-8137-B36E-3B4FA96F956B}.Release|Any CPU.Build.0 = Release|Any CPU
		{802BD2D4-57DA-492F-C10B-42DBC6DE2EB7}.Debug|Any CPU.ActiveCfg = Debug|Any CPU
		{802BD2D4-57DA-492F-C10B-42DBC6DE2EB7}.Debug|Any CPU.Build.0 = Debug|Any CPU
		{802BD2D4-57DA-492F-C10B-42DBC6DE2EB7}.Release|Any CPU.ActiveCfg = Release|Any CPU
		{802BD2D4-57DA-492F-C10B-42DBC6DE2EB7}.Release|Any CPU.Build.0 = Release|Any CPU
		{12805B94-1516-BABB-B01E-DC11C069C70B}.Debug|Any CPU.ActiveCfg = Debug|Any CPU
		{12805B94-1516-BABB-B01E-DC11C069C70B}.Debug|Any CPU.Build.0 = Debug|Any CPU
		{12805B94-1516-BABB-B01E-DC11C069C70B}.Release|Any CPU.ActiveCfg = Release|Any CPU
		{12805B94-1516-BABB-B01E-DC11C069C70B}.Release|Any CPU.Build.0 = Release|Any CPU
		{A56217CD-488E-06E8-C007-8924DC811282}.Debug|Any CPU.ActiveCfg = Debug|Any CPU
		{A56217CD-488E-06E8-C007-8924DC811282}.Debug|Any CPU.Build.0 = Debug|Any CPU
		{A56217CD-488E-06E8-C007-8924DC811282}.Release|Any CPU.ActiveCfg = Release|Any CPU
		{A56217CD-488E-06E8-C007-8924DC811282}.Release|Any CPU.Build.0 = Release|Any CPU
		{AA8B4F25-685D-BE58-C7AB-4655FBDA5713}.Debug|Any CPU.ActiveCfg = Debug|Any CPU
		{AA8B4F25-685D-BE58-C7AB-4655FBDA5713}.Debug|Any CPU.Build.0 = Debug|Any CPU
		{AA8B4F25-685D-BE58-C7AB-4655FBDA5713}.Release|Any CPU.ActiveCfg = Release|Any CPU
		{AA8B4F25-685D-BE58-C7AB-4655FBDA5713}.Release|Any CPU.Build.0 = Release|Any CPU
		{58587100-D20A-CA46-9A50-5CA608303D2A}.Debug|Any CPU.ActiveCfg = Debug|Any CPU
		{58587100-D20A-CA46-9A50-5CA608303D2A}.Debug|Any CPU.Build.0 = Debug|Any CPU
		{58587100-D20A-CA46-9A50-5CA608303D2A}.Release|Any CPU.ActiveCfg = Release|Any CPU
		{58587100-D20A-CA46-9A50-5CA608303D2A}.Release|Any CPU.Build.0 = Release|Any CPU
	EndGlobalSection
	GlobalSection(SolutionProperties) = preSolution
		HideSolutionNode = FALSE
	EndGlobalSection
EndGlobal
